
Microsoft Visual Studio Solution File, Format Version 12.00
# Visual Studio Version 17
VisualStudioVersion = 17.13.35828.75 d17.13
MinimumVisualStudioVersion = 10.0.40219.1
Project("{FAE04EC0-301F-11D3-BF4B-00C04F79EFBC}") = "JSON_serializer", "JSON_serializer\JSON_serializer.csproj", "{B315C4AB-CCBB-44A6-BC89-E07BA5F44CF6}"
EndProject
Global
	GlobalSection(SolutionConfigurationPlatforms) = preSolution
		Debug|Any CPU = Debug|Any CPU
		Release|Any CPU = Release|Any CPU
	EndGlobalSection
	GlobalSection(ProjectConfigurationPlatforms) = postSolution
		{B315C4AB-CCBB-44A6-BC89-E07BA5F44CF6}.Debug|Any CPU.ActiveCfg = Debug|Any CPU
		{B315C4AB-CCBB-44A6-BC89-E07BA5F44CF6}.Debug|Any CPU.Build.0 = Debug|Any CPU
		{B315C4AB-CCBB-44A6-BC89-E07BA5F44CF6}.Release|Any CPU.ActiveCfg = Release|Any CPU
		{B315C4AB-CCBB-44A6-BC89-E07BA5F44CF6}.Release|Any CPU.Build.0 = Release|Any CPU
	EndGlobalSection
	GlobalSection(SolutionProperties) = preSolution
		HideSolutionNode = FALSE
	EndGlobalSection
	GlobalSection(ExtensibilityGlobals) = postSolution
		SolutionGuid = {C0C4DD23-DB88-4933-91F1-7146CAE453A4}
	EndGlobalSection
EndGlobal
